
Microsoft Visual Studio Solution File, Format Version 12.00
# Visual Studio Version 16
VisualStudioVersion = 16.0.30114.105
MinimumVisualStudioVersion = 10.0.40219.1
Project("{FAE04EC0-301F-11D3-BF4B-00C04F79EFBC}") = "Open.Cep.Migrate", "Open.Cep.Migrate\Open.Cep.Migrate.csproj", "{CCEF676D-426A-4EE9-8E9E-6955D12A6B64}"
EndProject
Project("{FAE04EC0-301F-11D3-BF4B-00C04F79EFBC}") = "Open.Cep.Models", "Open.Cep.Models\Open.Cep.Models.csproj", "{85CB9AE0-66A8-42F9-B486-DD593A8A2BBD}"
EndProject
Global
	GlobalSection(SolutionConfigurationPlatforms) = preSolution
		Debug|Any CPU = Debug|Any CPU
		Debug|x64 = Debug|x64
		Debug|x86 = Debug|x86
		Release|Any CPU = Release|Any CPU
		Release|x64 = Release|x64
		Release|x86 = Release|x86
	EndGlobalSection
	GlobalSection(ProjectConfigurationPlatforms) = postSolution
		{CCEF676D-426A-4EE9-8E9E-6955D12A6B64}.Debug|Any CPU.ActiveCfg = Debug|Any CPU
		{CCEF676D-426A-4EE9-8E9E-6955D12A6B64}.Debug|Any CPU.Build.0 = Debug|Any CPU
		{CCEF676D-426A-4EE9-8E9E-6955D12A6B64}.Debug|x64.ActiveCfg = Debug|Any CPU
		{CCEF676D-426A-4EE9-8E9E-6955D12A6B64}.Debug|x64.Build.0 = Debug|Any CPU
		{CCEF676D-426A-4EE9-8E9E-6955D12A6B64}.Debug|x86.ActiveCfg = Debug|Any CPU
		{CCEF676D-426A-4EE9-8E9E-6955D12A6B64}.Debug|x86.Build.0 = Debug|Any CPU
		{CCEF676D-426A-4EE9-8E9E-6955D12A6B64}.Release|Any CPU.ActiveCfg = Release|Any CPU
		{CCEF676D-426A-4EE9-8E9E-6955D12A6B64}.Release|Any CPU.Build.0 = Release|Any CPU
		{CCEF676D-426A-4EE9-8E9E-6955D12A6B64}.Release|x64.ActiveCfg = Release|Any CPU
		{CCEF676D-426A-4EE9-8E9E-6955D12A6B64}.Release|x64.Build.0 = Release|Any CPU
		{CCEF676D-426A-4EE9-8E9E-6955D12A6B64}.Release|x86.ActiveCfg = Release|Any CPU
		{CCEF676D-426A-4EE9-8E9E-6955D12A6B64}.Release|x86.Build.0 = Release|Any CPU
		{85CB9AE0-66A8-42F9-B486-DD593A8A2BBD}.Debug|Any CPU.ActiveCfg = Debug|Any CPU
		{85CB9AE0-66A8-42F9-B486-DD593A8A2BBD}.Debug|Any CPU.Build.0 = Debug|Any CPU
		{85CB9AE0-66A8-42F9-B486-DD593A8A2BBD}.Debug|x64.ActiveCfg = Debug|Any CPU
		{85CB9AE0-66A8-42F9-B486-DD593A8A2BBD}.Debug|x64.Build.0 = Debug|Any CPU
		{85CB9AE0-66A8-42F9-B486-DD593A8A2BBD}.Debug|x86.ActiveCfg = Debug|Any CPU
		{85CB9AE0-66A8-42F9-B486-DD593A8A2BBD}.Debug|x86.Build.0 = Debug|Any CPU
		{85CB9AE0-66A8-42F9-B486-DD593A8A2BBD}.Release|Any CPU.ActiveCfg = Release|Any CPU
		{85CB9AE0-66A8-42F9-B486-DD593A8A2BBD}.Release|Any CPU.Build.0 = Release|Any CPU
		{85CB9AE0-66A8-42F9-B486-DD593A8A2BBD}.Release|x64.ActiveCfg = Release|Any CPU
		{85CB9AE0-66A8-42F9-B486-DD593A8A2BBD}.Release|x64.Build.0 = Release|Any CPU
		{85CB9AE0-66A8-42F9-B486-DD593A8A2BBD}.Release|x86.ActiveCfg = Release|Any CPU
		{85CB9AE0-66A8-42F9-B486-DD593A8A2BBD}.Release|x86.Build.0 = Release|Any CPU
	EndGlobalSection
	GlobalSection(SolutionProperties) = preSolution
		HideSolutionNode = FALSE
	EndGlobalSection
	GlobalSection(ExtensibilityGlobals) = postSolution
		SolutionGuid = {E044DA13-8118-44C4-8266-BF52F3510272}
	EndGlobalSection
EndGlobal
